{
    "version": 3,
    "terraform_version": "0.11.13",
    "serial": 11,
    "lineage": "9b7fe7c9-17e4-a4f5-86f4-ffd291708b3f",
    "modules": [
        {
            "path": [
                "root"
            ],
            "outputs": {
                "cp": {
                    "sensitive": false,
                    "type": "list",
                    "value": [
                        [
                            "k8-test-cp-0",
                            "k8-test-cp-1"
                        ],
                        [
                            "10.200.0.11",
                            "10.200.0.12"
                        ]
                    ]
                },
                "etcd": {
                    "sensitive": false,
                    "type": "list",
                    "value": [
                        [
                            "k8-test-etcd-0",
                            "k8-test-etcd-1",
                            "k8-test-etcd-2"
                        ],
                        [
                            "10.201.0.12",
                            "10.201.0.13",
                            "10.201.0.11"
                        ]
                    ]
                },
                "worker": {
                    "sensitive": false,
                    "type": "list",
                    "value": [
                        [
                            "k8-test-work-0",
                            "k8-test-work-1",
                            "k8-test-work-2"
                        ],
                        [
                            "10.202.0.13",
                            "10.202.0.11",
                            "10.202.0.12"
                        ]
                    ]
                }
            },
            "resources": {
                "vcd_inserted_media.cp01": {
                    "type": "vcd_inserted_media",
                    "depends_on": [
                        "vcd_vapp.clustername",
                        "vcd_vapp_vm.cp",
                        "vcd_vapp_vm.work"
                    ],
                    "primary": {
                        "id": "dev k8_k8-test-cp-0_rancheros-vmware",
                        "attributes": {
                            "catalog": "JB-Catalog",
                            "eject_force": "true",
                            "id": "dev k8_k8-test-cp-0_rancheros-vmware",
                            "name": "rancheros-vmware",
                            "vapp_name": "dev k8",
                            "vm_name": "k8-test-cp-0"
                        },
                        "meta": {},
                        "tainted": false
                    },
                    "deposed": [],
                    "provider": "provider.vcd"
                },
                "vcd_inserted_media.etcd02": {
                    "type": "vcd_inserted_media",
                    "depends_on": [
                        "vcd_vapp.clustername",
                        "vcd_vapp_vm.etcd.1",
                        "vcd_vapp_vm.work"
                    ],
                    "primary": {
                        "id": "dev k8_k8-test-etcd-1_rancheros-vmware",
                        "attributes": {
                            "catalog": "JB-Catalog",
                            "eject_force": "true",
                            "id": "dev k8_k8-test-etcd-1_rancheros-vmware",
                            "name": "rancheros-vmware",
                            "vapp_name": "dev k8",
                            "vm_name": "k8-test-etcd-1"
                        },
                        "meta": {},
                        "tainted": false
                    },
                    "deposed": [],
                    "provider": "provider.vcd"
                },
                "vcd_inserted_media.work03": {
                    "type": "vcd_inserted_media",
                    "depends_on": [
                        "vcd_vapp.clustername",
                        "vcd_vapp_vm.work",
                        "vcd_vapp_vm.work.2"
                    ],
                    "primary": {
                        "id": "dev k8_k8-test-work-2_rancheros-vmware",
                        "attributes": {
                            "catalog": "JB-Catalog",
                            "eject_force": "true",
                            "id": "dev k8_k8-test-work-2_rancheros-vmware",
                            "name": "rancheros-vmware",
                            "vapp_name": "dev k8",
                            "vm_name": "k8-test-work-2"
                        },
                        "meta": {},
                        "tainted": false
                    },
                    "deposed": [],
                    "provider": "provider.vcd"
                },
                "vcd_network_routed.cp-network": {
                    "type": "vcd_network_routed",
                    "depends_on": [],
                    "primary": {
                        "id": "R1_k8_cp",
                        "attributes": {
                            "dns1": "8.8.8.8",
                            "dns2": "8.8.4.4",
                            "edge_gateway": "Edge_CNT_Dev",
                            "gateway": "10.200.0.1",
                            "href": "https://vpdc.phoenixnap.com/api/network/16e8a233-d3dc-4b99-8f53-c624886893a7",
                            "id": "R1_k8_cp",
                            "name": "R1_k8_cp",
                            "netmask": "255.255.255.0",
                            "shared": "false",
                            "static_ip_pool.#": "1",
                            "static_ip_pool.3555450280.end_address": "10.200.0.100",
                            "static_ip_pool.3555450280.start_address": "10.200.0.11"
                        },
                        "meta": {},
                        "tainted": false
                    },
                    "deposed": [],
                    "provider": "provider.vcd"
                },
                "vcd_network_routed.etcd-network": {
                    "type": "vcd_network_routed",
                    "depends_on": [
                        "vcd_network_routed.cp-network"
                    ],
                    "primary": {
                        "id": "R2_k8_etcd",
                        "attributes": {
                            "dns1": "8.8.8.8",
                            "dns2": "8.8.4.4",
                            "edge_gateway": "Edge_CNT_Dev",
                            "gateway": "10.201.0.1",
                            "href": "https://vpdc.phoenixnap.com/api/network/79239102-247b-4444-bc5e-dd0899d3bf32",
                            "id": "R2_k8_etcd",
                            "name": "R2_k8_etcd",
                            "netmask": "255.255.255.0",
                            "shared": "false",
                            "static_ip_pool.#": "1",
                            "static_ip_pool.2049369712.end_address": "10.201.0.100",
                            "static_ip_pool.2049369712.start_address": "10.201.0.11"
                        },
                        "meta": {},
                        "tainted": false
                    },
                    "deposed": [],
                    "provider": "provider.vcd"
                },
                "vcd_network_routed.work-network": {
                    "type": "vcd_network_routed",
                    "depends_on": [
                        "vcd_network_routed.etcd-network"
                    ],
                    "primary": {
                        "id": "R3_k8_work",
                        "attributes": {
                            "dns1": "8.8.8.8",
                            "dns2": "8.8.4.4",
                            "edge_gateway": "Edge_CNT_Dev",
                            "gateway": "10.202.0.1",
                            "href": "https://vpdc.phoenixnap.com/api/network/0af9c5a9-e899-4b49-8393-e74f38913e89",
                            "id": "R3_k8_work",
                            "name": "R3_k8_work",
                            "netmask": "255.255.255.0",
                            "shared": "false",
                            "static_ip_pool.#": "1",
                            "static_ip_pool.1526770777.end_address": "10.202.0.100",
                            "static_ip_pool.1526770777.start_address": "10.202.0.11"
                        },
                        "meta": {},
                        "tainted": false
                    },
                    "deposed": [],
                    "provider": "provider.vcd"
                },
                "vcd_vapp.clustername": {
                    "type": "vcd_vapp",
                    "depends_on": [
                        "vcd_network_routed.work-network"
                    ],
                    "primary": {
                        "id": "dev k8",
                        "attributes": {
                            "accept_all_eulas": "true",
                            "id": "dev k8",
                            "ip": "allocated",
                            "name": "dev k8",
                            "power_on": "true"
                        },
                        "meta": {},
                        "tainted": false
                    },
                    "deposed": [],
                    "provider": "provider.vcd"
                },
                "vcd_vapp_vm.cp.0": {
                    "type": "vcd_vapp_vm",
                    "depends_on": [
                        "vcd_network_routed.cp-network",
                        "vcd_vapp.clustername"
                    ],
                    "primary": {
                        "id": "k8-test-cp-0",
                        "attributes": {
                            "accept_all_eulas": "true",
                            "catalog_name": "JB-Catalog",
                            "cpu_cores": "1",
                            "cpus": "1",
                            "disk.#": "0",
                            "href": "https://vpdc.phoenixnap.com/api/vApp/vm-17b978b6-bf67-4804-9bd6-e3f21212f82c",
                            "id": "k8-test-cp-0",
                            "ip": "10.200.0.11",
                            "memory": "4096",
                            "name": "k8-test-cp-0",
                            "network_name": "R1_k8_cp",
                            "power_on": "true",
                            "template_name": "k8-ros-temp",
                            "vapp_name": "dev k8"
                        },
                        "meta": {},
                        "tainted": false
                    },
                    "deposed": [],
                    "provider": "provider.vcd"
                },
                "vcd_vapp_vm.cp.1": {
                    "type": "vcd_vapp_vm",
                    "depends_on": [
                        "vcd_network_routed.cp-network",
                        "vcd_vapp.clustername"
                    ],
                    "primary": {
                        "id": "k8-test-cp-1",
                        "attributes": {
                            "accept_all_eulas": "true",
                            "catalog_name": "JB-Catalog",
                            "cpu_cores": "1",
                            "cpus": "1",
                            "disk.#": "0",
                            "href": "https://vpdc.phoenixnap.com/api/vApp/vm-5308f9a3-d23d-48ed-ab1b-55fa798a1b41",
                            "id": "k8-test-cp-1",
                            "ip": "10.200.0.12",
                            "memory": "4096",
                            "name": "k8-test-cp-1",
                            "network_name": "R1_k8_cp",
                            "power_on": "true",
                            "template_name": "k8-ros-temp",
                            "vapp_name": "dev k8"
                        },
                        "meta": {},
                        "tainted": false
                    },
                    "deposed": [],
                    "provider": "provider.vcd"
                },
                "vcd_vapp_vm.etcd.0": {
                    "type": "vcd_vapp_vm",
                    "depends_on": [
                        "vcd_network_routed.etcd-network",
                        "vcd_vapp.clustername",
                        "vcd_vapp_vm.cp"
                    ],
                    "primary": {
                        "id": "k8-test-etcd-0",
                        "attributes": {
                            "accept_all_eulas": "true",
                            "catalog_name": "JB-Catalog",
                            "cpu_cores": "1",
                            "cpus": "1",
                            "disk.#": "0",
                            "href": "https://vpdc.phoenixnap.com/api/vApp/vm-2c2604cf-e02e-46bd-bde5-3fe9eba38461",
                            "id": "k8-test-etcd-0",
                            "ip": "10.201.0.12",
                            "memory": "4096",
                            "name": "k8-test-etcd-0",
                            "network_name": "R2_k8_etcd",
                            "power_on": "true",
                            "template_name": "k8-ros-temp",
                            "vapp_name": "dev k8"
                        },
                        "meta": {},
                        "tainted": false
                    },
                    "deposed": [],
                    "provider": "provider.vcd"
                },
                "vcd_vapp_vm.etcd.1": {
                    "type": "vcd_vapp_vm",
                    "depends_on": [
                        "vcd_network_routed.etcd-network",
                        "vcd_vapp.clustername",
                        "vcd_vapp_vm.cp"
                    ],
                    "primary": {
                        "id": "k8-test-etcd-1",
                        "attributes": {
                            "accept_all_eulas": "true",
                            "catalog_name": "JB-Catalog",
                            "cpu_cores": "1",
                            "cpus": "1",
                            "disk.#": "0",
                            "href": "https://vpdc.phoenixnap.com/api/vApp/vm-cc2f5e63-0a29-4613-bbcd-8c01b2dc52af",
                            "id": "k8-test-etcd-1",
                            "ip": "10.201.0.13",
                            "memory": "4096",
                            "name": "k8-test-etcd-1",
                            "network_name": "R2_k8_etcd",
                            "power_on": "true",
                            "template_name": "k8-ros-temp",
                            "vapp_name": "dev k8"
                        },
                        "meta": {},
                        "tainted": false
                    },
                    "deposed": [],
                    "provider": "provider.vcd"
                },
                "vcd_vapp_vm.etcd.2": {
                    "type": "vcd_vapp_vm",
                    "depends_on": [
                        "vcd_network_routed.etcd-network",
                        "vcd_vapp.clustername",
                        "vcd_vapp_vm.cp"
                    ],
                    "primary": {
                        "id": "k8-test-etcd-2",
                        "attributes": {
                            "accept_all_eulas": "true",
                            "catalog_name": "JB-Catalog",
                            "cpu_cores": "1",
                            "cpus": "1",
                            "disk.#": "0",
                            "href": "https://vpdc.phoenixnap.com/api/vApp/vm-e366edbb-ae08-4577-9fec-b8ed49b4ff84",
                            "id": "k8-test-etcd-2",
                            "ip": "10.201.0.11",
                            "memory": "4096",
                            "name": "k8-test-etcd-2",
                            "network_name": "R2_k8_etcd",
                            "power_on": "true",
                            "template_name": "k8-ros-temp",
                            "vapp_name": "dev k8"
                        },
                        "meta": {},
                        "tainted": false
                    },
                    "deposed": [],
                    "provider": "provider.vcd"
                },
                "vcd_vapp_vm.work.0": {
                    "type": "vcd_vapp_vm",
                    "depends_on": [
                        "vcd_network_routed.work-network",
                        "vcd_vapp.clustername",
                        "vcd_vapp_vm.etcd"
                    ],
                    "primary": {
                        "id": "k8-test-work-0",
                        "attributes": {
                            "accept_all_eulas": "true",
                            "catalog_name": "JB-Catalog",
                            "cpu_cores": "1",
                            "cpus": "2",
                            "disk.#": "0",
                            "href": "https://vpdc.phoenixnap.com/api/vApp/vm-ca3e52d9-2ac7-43c0-bcbd-ea67734dffd5",
                            "id": "k8-test-work-0",
                            "ip": "10.202.0.13",
                            "memory": "8192",
                            "name": "k8-test-work-0",
                            "network_name": "R3_k8_work",
                            "power_on": "true",
                            "template_name": "k8-ros-temp",
                            "vapp_name": "dev k8"
                        },
                        "meta": {},
                        "tainted": false
                    },
                    "deposed": [],
                    "provider": "provider.vcd"
                },
                "vcd_vapp_vm.work.1": {
                    "type": "vcd_vapp_vm",
                    "depends_on": [
                        "vcd_network_routed.work-network",
                        "vcd_vapp.clustername",
                        "vcd_vapp_vm.etcd"
                    ],
                    "primary": {
                        "id": "k8-test-work-1",
                        "attributes": {
                            "accept_all_eulas": "true",
                            "catalog_name": "JB-Catalog",
                            "cpu_cores": "1",
                            "cpus": "2",
                            "disk.#": "0",
                            "href": "https://vpdc.phoenixnap.com/api/vApp/vm-28120773-bcdb-4d98-b2f2-536e5eb8bd24",
                            "id": "k8-test-work-1",
                            "ip": "10.202.0.11",
                            "memory": "8192",
                            "name": "k8-test-work-1",
                            "network_name": "R3_k8_work",
                            "power_on": "true",
                            "template_name": "k8-ros-temp",
                            "vapp_name": "dev k8"
                        },
                        "meta": {},
                        "tainted": false
                    },
                    "deposed": [],
                    "provider": "provider.vcd"
                },
                "vcd_vapp_vm.work.2": {
                    "type": "vcd_vapp_vm",
                    "depends_on": [
                        "vcd_network_routed.work-network",
                        "vcd_vapp.clustername",
                        "vcd_vapp_vm.etcd"
                    ],
                    "primary": {
                        "id": "k8-test-work-2",
                        "attributes": {
                            "accept_all_eulas": "true",
                            "catalog_name": "JB-Catalog",
                            "cpu_cores": "1",
                            "cpus": "2",
                            "disk.#": "0",
                            "href": "https://vpdc.phoenixnap.com/api/vApp/vm-e6951652-9fa2-4510-92a5-df1c11956afe",
                            "id": "k8-test-work-2",
                            "ip": "10.202.0.12",
                            "memory": "8192",
                            "name": "k8-test-work-2",
                            "network_name": "R3_k8_work",
                            "power_on": "true",
                            "template_name": "k8-ros-temp",
                            "vapp_name": "dev k8"
                        },
                        "meta": {},
                        "tainted": false
                    },
                    "deposed": [],
                    "provider": "provider.vcd"
                }
            },
            "depends_on": []
        }
    ]
}
