{
    "version": 3,
    "terraform_version": "0.11.13",
    "serial": 18,
    "lineage": "9b7fe7c9-17e4-a4f5-86f4-ffd291708b3f",
    "modules": [
        {
            "path": [
                "root"
            ],
            "outputs": {
                "cp": {
                    "sensitive": false,
                    "type": "list",
                    "value": [
                        [
                            "k8-test-cp-0",
                            "k8-test-cp-1"
                        ],
                        [
                            "DHCP",
                            "DHCP"
                        ]
                    ]
                },
                "etcd": {
                    "sensitive": false,
                    "type": "list",
                    "value": [
                        [
                            "k8-test-etcd-0",
                            "k8-test-etcd-1",
                            "k8-test-etcd-2"
                        ],
                        [
                            "dhcp",
                            "dhcp",
                            "dhcp"
                        ]
                    ]
                },
                "worker": {
                    "sensitive": false,
                    "type": "list",
                    "value": [
                        [
                            "k8-test-work-0",
                            "k8-test-work-1",
                            "k8-test-work-2"
                        ],
                        [
                            "dhcp",
                            "dhcp",
                            "dhcp"
                        ]
                    ]
                }
            },
            "resources": {
                "vcd_firewall_rules.cp-in": {
                    "type": "vcd_firewall_rules",
                    "depends_on": [],
                    "primary": {
                        "id": "Edge_CNT_Dev",
                        "attributes": {
                            "default_action": "drop",
                            "edge_gateway": "Edge_CNT_Dev",
                            "id": "Edge_CNT_Dev",
                            "rule.#": "9",
                            "rule.0.description": "HTTP-CP Ingress Controller",
                            "rule.0.destination_ip": "10.200.0.0/24",
                            "rule.0.destination_port": "80",
                            "rule.0.id": "37",
                            "rule.0.policy": "allow",
                            "rule.0.protocol": "tcp",
                            "rule.0.source_ip": "any",
                            "rule.0.source_port": "any",
                            "rule.1.description": "HTTPs-CP Ingress Controller",
                            "rule.1.destination_ip": "10.200.0.0/24",
                            "rule.1.destination_port": "443",
                            "rule.1.id": "38",
                            "rule.1.policy": "allow",
                            "rule.1.protocol": "tcp",
                            "rule.1.source_ip": "any",
                            "rule.1.source_port": "any",
                            "rule.2.description": "Rancher-CP Docker daemon TLS Port",
                            "rule.2.destination_ip": "10.200.0.0/24",
                            "rule.2.destination_port": "2376",
                            "rule.2.id": "39",
                            "rule.2.policy": "allow",
                            "rule.2.protocol": "tcp",
                            "rule.2.source_ip": "10.148.0.11",
                            "rule.2.source_port": "any",
                            "rule.3.description": "Etcd-CP k8 apiserver",
                            "rule.3.destination_ip": "10.200.0.0/24",
                            "rule.3.destination_port": "6443",
                            "rule.3.id": "40",
                            "rule.3.policy": "allow",
                            "rule.3.protocol": "tcp",
                            "rule.3.source_ip": "10.201.0.0/24",
                            "rule.3.source_port": "any",
                            "rule.4.description": "Work-CP k8 apiserver",
                            "rule.4.destination_ip": "10.200.0.0/24",
                            "rule.4.destination_port": "6443",
                            "rule.4.id": "46",
                            "rule.4.policy": "allow",
                            "rule.4.protocol": "tcp",
                            "rule.4.source_ip": "10.202.0.0/24",
                            "rule.4.source_port": "any",
                            "rule.5.description": "Etcd-CP CNI VXLAN overlay",
                            "rule.5.destination_ip": "10.200.0.0/24",
                            "rule.5.destination_port": "8472",
                            "rule.5.id": "3",
                            "rule.5.policy": "allow",
                            "rule.5.protocol": "udp",
                            "rule.5.source_ip": "10.201.0.0/24",
                            "rule.5.source_port": "any",
                            "rule.6.description": "Work-CP CNI VXLAN overlay",
                            "rule.6.destination_ip": "10.200.0.0/24",
                            "rule.6.destination_port": "8472",
                            "rule.6.id": "9",
                            "rule.6.policy": "allow",
                            "rule.6.protocol": "udp",
                            "rule.6.source_ip": "10.202.0.0/24",
                            "rule.6.source_port": "any",
                            "rule.7.description": "Node Port Range",
                            "rule.7.destination_ip": "10.200.0.0/24",
                            "rule.7.destination_port": "30000-32767",
                            "rule.7.id": "",
                            "rule.7.policy": "allow",
                            "rule.7.protocol": "udp",
                            "rule.7.source_ip": "any",
                            "rule.7.source_port": "any",
                            "rule.8.description": "Node Port Range",
                            "rule.8.destination_ip": "10.200.0.0/24",
                            "rule.8.destination_port": "30000-32767",
                            "rule.8.id": "",
                            "rule.8.policy": "allow",
                            "rule.8.protocol": "tcp",
                            "rule.8.source_ip": "any",
                            "rule.8.source_port": "any"
                        },
                        "meta": {},
                        "tainted": false
                    },
                    "deposed": [],
                    "provider": "provider.vcd"
                },
                "vcd_firewall_rules.cp-out": {
                    "type": "vcd_firewall_rules",
                    "depends_on": [],
                    "primary": {
                        "id": "Edge_CNT_Dev",
                        "attributes": {
                            "default_action": "drop",
                            "edge_gateway": "Edge_CNT_Dev",
                            "id": "Edge_CNT_Dev",
                            "rule.#": "6",
                            "rule.0.description": "CP-Rancher Rancher Agent",
                            "rule.0.destination_ip": "10.148.0.11",
                            "rule.0.destination_port": "443",
                            "rule.0.id": "61",
                            "rule.0.policy": "allow",
                            "rule.0.protocol": "tcp",
                            "rule.0.source_ip": "10.200.0.0/24",
                            "rule.0.source_port": "any",
                            "rule.1.description": "CP-Etcd Client and Peer Communication",
                            "rule.1.destination_ip": "10.201.0.0/24",
                            "rule.1.destination_port": "2379-2380",
                            "rule.1.id": "",
                            "rule.1.policy": "allow",
                            "rule.1.protocol": "tcp",
                            "rule.1.source_ip": "10.200.0.0/24",
                            "rule.1.source_port": "any",
                            "rule.2.description": "CP-Etcd CNI VXLAN overlay",
                            "rule.2.destination_ip": "10.201.0.0/24",
                            "rule.2.destination_port": "8472",
                            "rule.2.id": "32",
                            "rule.2.policy": "allow",
                            "rule.2.protocol": "udp",
                            "rule.2.source_ip": "10.200.0.0/24",
                            "rule.2.source_port": "any",
                            "rule.3.description": "CP-Work CNI VXLAN overlay",
                            "rule.3.destination_ip": "10.202.0.0/24",
                            "rule.3.destination_port": "8472",
                            "rule.3.id": "35",
                            "rule.3.policy": "allow",
                            "rule.3.protocol": "udp",
                            "rule.3.source_ip": "10.200.0.0/24",
                            "rule.3.source_port": "any",
                            "rule.4.description": "CP-Etcd Kubelet",
                            "rule.4.destination_ip": "10.201.0.0/24",
                            "rule.4.destination_port": "10250",
                            "rule.4.id": "65",
                            "rule.4.policy": "allow",
                            "rule.4.protocol": "tcp",
                            "rule.4.source_ip": "10.200.0.0/24",
                            "rule.4.source_port": "any",
                            "rule.5.description": "CP-Work Kubelet",
                            "rule.5.destination_ip": "10.202.0.0/24",
                            "rule.5.destination_port": "10250",
                            "rule.5.id": "66",
                            "rule.5.policy": "allow",
                            "rule.5.protocol": "tcp",
                            "rule.5.source_ip": "10.200.0.0/24",
                            "rule.5.source_port": "any"
                        },
                        "meta": {},
                        "tainted": false
                    },
                    "deposed": [],
                    "provider": "provider.vcd"
                },
                "vcd_firewall_rules.etcd-in": {
                    "type": "vcd_firewall_rules",
                    "depends_on": [],
                    "primary": {
                        "id": "Edge_CNT_Dev",
                        "attributes": {
                            "default_action": "drop",
                            "edge_gateway": "Edge_CNT_Dev",
                            "id": "Edge_CNT_Dev",
                            "rule.#": "5",
                            "rule.0.description": "Rancher-Etcd Docker daemon TLS Port",
                            "rule.0.destination_ip": "10.201.0.0/24",
                            "rule.0.destination_port": "2376",
                            "rule.0.id": "1",
                            "rule.0.policy": "allow",
                            "rule.0.protocol": "tcp",
                            "rule.0.source_ip": "10.148.0.11",
                            "rule.0.source_port": "any",
                            "rule.1.description": "CP-Etcd client and peer communication",
                            "rule.1.destination_ip": "10.201.0.0/24",
                            "rule.1.destination_port": "2379-2380",
                            "rule.1.id": "",
                            "rule.1.policy": "allow",
                            "rule.1.protocol": "tcp",
                            "rule.1.source_ip": "10.200.0.0/24",
                            "rule.1.source_port": "any",
                            "rule.2.description": "CP-Etcd CNI VXLAN overlay",
                            "rule.2.destination_ip": "10.201.0.0/24",
                            "rule.2.destination_port": "8472",
                            "rule.2.id": "32",
                            "rule.2.policy": "allow",
                            "rule.2.protocol": "udp",
                            "rule.2.source_ip": "10.200.0.0/24",
                            "rule.2.source_port": "any",
                            "rule.3.description": "Work-Etcd CNI VXLAN overlay",
                            "rule.3.destination_ip": "10.201.0.0/24",
                            "rule.3.destination_port": "8472",
                            "rule.3.id": "8",
                            "rule.3.policy": "allow",
                            "rule.3.protocol": "udp",
                            "rule.3.source_ip": "10.202.0.0/24",
                            "rule.3.source_port": "any",
                            "rule.4.description": "CP-Etcd kubelet",
                            "rule.4.destination_ip": "10.201.0.0/24",
                            "rule.4.destination_port": "10250",
                            "rule.4.id": "10",
                            "rule.4.policy": "allow",
                            "rule.4.protocol": "TCP",
                            "rule.4.source_ip": "10.200.0.0/24",
                            "rule.4.source_port": "any"
                        },
                        "meta": {},
                        "tainted": false
                    },
                    "deposed": [],
                    "provider": "provider.vcd"
                },
                "vcd_firewall_rules.etcd-out": {
                    "type": "vcd_firewall_rules",
                    "depends_on": [],
                    "primary": {
                        "id": "Edge_CNT_Dev",
                        "attributes": {
                            "default_action": "drop",
                            "edge_gateway": "Edge_CNT_Dev",
                            "id": "Edge_CNT_Dev",
                            "rule.#": "4",
                            "rule.0.description": "Etcd-Rancher Rancher Agent",
                            "rule.0.destination_ip": "10.148.0.11",
                            "rule.0.destination_port": "443",
                            "rule.0.id": "11",
                            "rule.0.policy": "allow",
                            "rule.0.protocol": "tcp",
                            "rule.0.source_ip": "10.201.0.0/24",
                            "rule.0.source_port": "any",
                            "rule.1.description": "Etcd-CP Kubernetes apiserver",
                            "rule.1.destination_ip": "10.200.0.0/24",
                            "rule.1.destination_port": "6443",
                            "rule.1.id": "12",
                            "rule.1.policy": "allow",
                            "rule.1.protocol": "tcp",
                            "rule.1.source_ip": "10.201.0.0/24",
                            "rule.1.source_port": "any",
                            "rule.2.description": "Etcd-CP CNI VXLAN overlay",
                            "rule.2.destination_ip": "10.200.0.0/24",
                            "rule.2.destination_port": "8472",
                            "rule.2.id": "3",
                            "rule.2.policy": "allow",
                            "rule.2.protocol": "udp",
                            "rule.2.source_ip": "10.201.0.0/24",
                            "rule.2.source_port": "any",
                            "rule.3.description": "Etcd-Work CNI VXLAN overlay",
                            "rule.3.destination_ip": "10.202.0.0/24",
                            "rule.3.destination_port": "8472",
                            "rule.3.id": "4",
                            "rule.3.policy": "allow",
                            "rule.3.protocol": "udp",
                            "rule.3.source_ip": "10.201.0.0/24",
                            "rule.3.source_port": "any"
                        },
                        "meta": {},
                        "tainted": false
                    },
                    "deposed": [],
                    "provider": "provider.vcd"
                },
                "vcd_firewall_rules.snat-out": {
                    "type": "vcd_firewall_rules",
                    "depends_on": [],
                    "primary": {
                        "id": "Edge_CNT_Dev",
                        "attributes": {
                            "default_action": "drop",
                            "edge_gateway": "Edge_CNT_Dev",
                            "id": "Edge_CNT_Dev",
                            "rule.#": "6",
                            "rule.0.description": "CP-Http",
                            "rule.0.destination_ip": "any",
                            "rule.0.destination_port": "80",
                            "rule.0.id": "55",
                            "rule.0.policy": "allow",
                            "rule.0.protocol": "tcp",
                            "rule.0.source_ip": "10.200.0.0/24",
                            "rule.0.source_port": "any",
                            "rule.1.description": "Etcd-Http",
                            "rule.1.destination_ip": "any",
                            "rule.1.destination_port": "80",
                            "rule.1.id": "56",
                            "rule.1.policy": "allow",
                            "rule.1.protocol": "tcp",
                            "rule.1.source_ip": "10.201.0.0/24",
                            "rule.1.source_port": "any",
                            "rule.2.description": "Work-Http",
                            "rule.2.destination_ip": "any",
                            "rule.2.destination_port": "80",
                            "rule.2.id": "57",
                            "rule.2.policy": "allow",
                            "rule.2.protocol": "tcp",
                            "rule.2.source_ip": "10.202.0.0/24",
                            "rule.2.source_port": "any",
                            "rule.3.description": "CP-Https",
                            "rule.3.destination_ip": "any",
                            "rule.3.destination_port": "443",
                            "rule.3.id": "58",
                            "rule.3.policy": "allow",
                            "rule.3.protocol": "tcp",
                            "rule.3.source_ip": "10.200.0.0/24",
                            "rule.3.source_port": "any",
                            "rule.4.description": "Etcd-Https",
                            "rule.4.destination_ip": "any",
                            "rule.4.destination_port": "443",
                            "rule.4.id": "59",
                            "rule.4.policy": "allow",
                            "rule.4.protocol": "tcp",
                            "rule.4.source_ip": "10.201.0.0/24",
                            "rule.4.source_port": "any",
                            "rule.5.description": "Work-Https",
                            "rule.5.destination_ip": "any",
                            "rule.5.destination_port": "443",
                            "rule.5.id": "60",
                            "rule.5.policy": "allow",
                            "rule.5.protocol": "tcp",
                            "rule.5.source_ip": "10.202.0.0/24",
                            "rule.5.source_port": "any"
                        },
                        "meta": {},
                        "tainted": false
                    },
                    "deposed": [],
                    "provider": "provider.vcd"
                },
                "vcd_firewall_rules.work-in": {
                    "type": "vcd_firewall_rules",
                    "depends_on": [],
                    "primary": {
                        "id": "Edge_CNT_Dev",
                        "attributes": {
                            "default_action": "drop",
                            "edge_gateway": "Edge_CNT_Dev",
                            "id": "Edge_CNT_Dev",
                            "rule.#": "8",
                            "rule.0.description": "HTTP-Work Ingress Controller",
                            "rule.0.destination_ip": "10.202.0.0/24",
                            "rule.0.destination_port": "80",
                            "rule.0.id": "15",
                            "rule.0.policy": "allow",
                            "rule.0.protocol": "tcp",
                            "rule.0.source_ip": "any",
                            "rule.0.source_port": "any",
                            "rule.1.description": "HTTPs-Work Ingress Controller",
                            "rule.1.destination_ip": "10.202.0.0/24",
                            "rule.1.destination_port": "443",
                            "rule.1.id": "16",
                            "rule.1.policy": "allow",
                            "rule.1.protocol": "tcp",
                            "rule.1.source_ip": "any",
                            "rule.1.source_port": "any",
                            "rule.2.description": "Rancher-Work Docker daemon TLS Port",
                            "rule.2.destination_ip": "10.202.0.0/24",
                            "rule.2.destination_port": "2376",
                            "rule.2.id": "17",
                            "rule.2.policy": "allow",
                            "rule.2.protocol": "tcp",
                            "rule.2.source_ip": "10.148.0.11",
                            "rule.2.source_port": "any",
                            "rule.3.description": "Etcd-Work CNI VXLAN overlay",
                            "rule.3.destination_ip": "10.202.0.0/24",
                            "rule.3.destination_port": "8472",
                            "rule.3.id": "4",
                            "rule.3.policy": "allow",
                            "rule.3.protocol": "udp",
                            "rule.3.source_ip": "10.201.0.0/24",
                            "rule.3.source_port": "any",
                            "rule.4.description": "CP-Work CNI VXLAN overlay",
                            "rule.4.destination_ip": "10.202.0.0/24",
                            "rule.4.destination_port": "8472",
                            "rule.4.id": "35",
                            "rule.4.policy": "allow",
                            "rule.4.protocol": "udp",
                            "rule.4.source_ip": "10.200.0.0/24",
                            "rule.4.source_port": "any",
                            "rule.5.description": "CP-Work kubelet",
                            "rule.5.destination_ip": "10.202.0.0/24",
                            "rule.5.destination_port": "10254",
                            "rule.5.id": "20",
                            "rule.5.policy": "allow",
                            "rule.5.protocol": "tcp",
                            "rule.5.source_ip": "10.200.0.0/24",
                            "rule.5.source_port": "any",
                            "rule.6.description": "Node Port Range",
                            "rule.6.destination_ip": "10.202.0.0/24",
                            "rule.6.destination_port": "30000-32767",
                            "rule.6.id": "",
                            "rule.6.policy": "allow",
                            "rule.6.protocol": "udp",
                            "rule.6.source_ip": "any",
                            "rule.6.source_port": "any",
                            "rule.7.description": "Node Port Range",
                            "rule.7.destination_ip": "10.202.0.0/24",
                            "rule.7.destination_port": "30000-32767",
                            "rule.7.id": "",
                            "rule.7.policy": "allow",
                            "rule.7.protocol": "tcp",
                            "rule.7.source_ip": "any",
                            "rule.7.source_port": "any"
                        },
                        "meta": {},
                        "tainted": false
                    },
                    "deposed": [],
                    "provider": "provider.vcd"
                },
                "vcd_firewall_rules.work-out": {
                    "type": "vcd_firewall_rules",
                    "depends_on": [],
                    "primary": {
                        "id": "Edge_CNT_Dev",
                        "attributes": {
                            "default_action": "drop",
                            "edge_gateway": "Edge_CNT_Dev",
                            "id": "Edge_CNT_Dev",
                            "rule.#": "4",
                            "rule.0.description": "Work-Rancher Rancher Agent",
                            "rule.0.destination_ip": "10.148.0.11",
                            "rule.0.destination_port": "443",
                            "rule.0.id": "30",
                            "rule.0.policy": "allow",
                            "rule.0.protocol": "tcp",
                            "rule.0.source_ip": "10.202.0.0/24",
                            "rule.0.source_port": "any",
                            "rule.1.description": "Work-CP Client and Peer Communication",
                            "rule.1.destination_ip": "10.200.0.0/24",
                            "rule.1.destination_port": "6443",
                            "rule.1.id": "33",
                            "rule.1.policy": "allow",
                            "rule.1.protocol": "tcp",
                            "rule.1.source_ip": "10.202.0.0/24",
                            "rule.1.source_port": "any",
                            "rule.2.description": "Work-Etcd CNI VXLAN overlay",
                            "rule.2.destination_ip": "10.201.0.0/24",
                            "rule.2.destination_port": "8472",
                            "rule.2.id": "8",
                            "rule.2.policy": "allow",
                            "rule.2.protocol": "udp",
                            "rule.2.source_ip": "10.202.0.0/24",
                            "rule.2.source_port": "any",
                            "rule.3.description": "Work-CP CNI VXLAN overlay",
                            "rule.3.destination_ip": "10.200.0.0/24",
                            "rule.3.destination_port": "8472",
                            "rule.3.id": "9",
                            "rule.3.policy": "allow",
                            "rule.3.protocol": "udp",
                            "rule.3.source_ip": "10.202.0.0/24",
                            "rule.3.source_port": "any"
                        },
                        "meta": {},
                        "tainted": false
                    },
                    "deposed": [],
                    "provider": "provider.vcd"
                },
                "vcd_network_routed.cp-network": {
                    "type": "vcd_network_routed",
                    "depends_on": [],
                    "primary": {
                        "id": "R1_k8_cp",
                        "attributes": {
                            "dhcp_pool.#": "1",
                            "dhcp_pool.3555450280.default_lease_time": "3600",
                            "dhcp_pool.3555450280.end_address": "10.200.0.100",
                            "dhcp_pool.3555450280.max_lease_time": "7200",
                            "dhcp_pool.3555450280.start_address": "10.200.0.11",
                            "dns1": "8.8.8.8",
                            "dns2": "8.8.4.4",
                            "edge_gateway": "Edge_CNT_Dev",
                            "gateway": "10.200.0.1",
                            "href": "https://vpdc.phoenixnap.com/api/network/04dcc4f2-b01d-4faf-8fd2-7442b407361e",
                            "id": "R1_k8_cp",
                            "name": "R1_k8_cp",
                            "netmask": "255.255.255.0",
                            "shared": "false"
                        },
                        "meta": {},
                        "tainted": false
                    },
                    "deposed": [],
                    "provider": "provider.vcd"
                },
                "vcd_network_routed.etcd-network": {
                    "type": "vcd_network_routed",
                    "depends_on": [
                        "vcd_network_routed.cp-network"
                    ],
                    "primary": {
                        "id": "R2_k8_etcd",
                        "attributes": {
                            "dhcp_pool.#": "1",
                            "dhcp_pool.2049369712.default_lease_time": "3600",
                            "dhcp_pool.2049369712.end_address": "10.201.0.100",
                            "dhcp_pool.2049369712.max_lease_time": "7200",
                            "dhcp_pool.2049369712.start_address": "10.201.0.11",
                            "dns1": "8.8.8.8",
                            "dns2": "8.8.4.4",
                            "edge_gateway": "Edge_CNT_Dev",
                            "gateway": "10.201.0.1",
                            "href": "https://vpdc.phoenixnap.com/api/network/127b2ca4-6966-4851-a5ed-46280f3a81b9",
                            "id": "R2_k8_etcd",
                            "name": "R2_k8_etcd",
                            "netmask": "255.255.255.0",
                            "shared": "false"
                        },
                        "meta": {},
                        "tainted": false
                    },
                    "deposed": [],
                    "provider": "provider.vcd"
                },
                "vcd_network_routed.work-network": {
                    "type": "vcd_network_routed",
                    "depends_on": [
                        "vcd_network_routed.etcd-network"
                    ],
                    "primary": {
                        "id": "R3_k8_work",
                        "attributes": {
                            "dhcp_pool.#": "1",
                            "dhcp_pool.1526770777.default_lease_time": "3600",
                            "dhcp_pool.1526770777.end_address": "10.202.0.100",
                            "dhcp_pool.1526770777.max_lease_time": "7200",
                            "dhcp_pool.1526770777.start_address": "10.202.0.11",
                            "dns1": "8.8.8.8",
                            "dns2": "8.8.4.4",
                            "edge_gateway": "Edge_CNT_Dev",
                            "gateway": "10.202.0.1",
                            "href": "https://vpdc.phoenixnap.com/api/network/2a074b3a-0780-402c-bc65-f513c27cbd94",
                            "id": "R3_k8_work",
                            "name": "R3_k8_work",
                            "netmask": "255.255.255.0",
                            "shared": "false"
                        },
                        "meta": {},
                        "tainted": false
                    },
                    "deposed": [],
                    "provider": "provider.vcd"
                },
                "vcd_snat.cp-out": {
                    "type": "vcd_snat",
                    "depends_on": [],
                    "primary": {
                        "id": "10.200.0.0/24",
                        "attributes": {
                            "edge_gateway": "Edge_CNT_Dev",
                            "external_ip": "108.170.46.75",
                            "id": "10.200.0.0/24",
                            "internal_ip": "10.200.0.0/24"
                        },
                        "meta": {},
                        "tainted": false
                    },
                    "deposed": [],
                    "provider": "provider.vcd"
                },
                "vcd_snat.etcd-out": {
                    "type": "vcd_snat",
                    "depends_on": [],
                    "primary": {
                        "id": "10.201.0.0/24",
                        "attributes": {
                            "edge_gateway": "Edge_CNT_Dev",
                            "external_ip": "108.170.46.75",
                            "id": "10.201.0.0/24",
                            "internal_ip": "10.201.0.0/24"
                        },
                        "meta": {},
                        "tainted": false
                    },
                    "deposed": [],
                    "provider": "provider.vcd"
                },
                "vcd_snat.work-out": {
                    "type": "vcd_snat",
                    "depends_on": [],
                    "primary": {
                        "id": "10.202.0.0/24",
                        "attributes": {
                            "edge_gateway": "Edge_CNT_Dev",
                            "external_ip": "108.170.46.75",
                            "id": "10.202.0.0/24",
                            "internal_ip": "10.202.0.0/24"
                        },
                        "meta": {},
                        "tainted": false
                    },
                    "deposed": [],
                    "provider": "provider.vcd"
                },
                "vcd_vapp.clustername": {
                    "type": "vcd_vapp",
                    "depends_on": [
                        "vcd_network_routed.work-network"
                    ],
                    "primary": {
                        "id": "dev k8",
                        "attributes": {
                            "accept_all_eulas": "true",
                            "id": "dev k8",
                            "ip": "allocated",
                            "name": "dev k8",
                            "power_on": "true"
                        },
                        "meta": {},
                        "tainted": false
                    },
                    "deposed": [],
                    "provider": "provider.vcd"
                }
            },
            "depends_on": []
        }
    ]
}
