{
    "version": 3,
    "terraform_version": "0.11.13",
    "serial": 24,
    "lineage": "9b7fe7c9-17e4-a4f5-86f4-ffd291708b3f",
    "modules": [
        {
            "path": [
                "root"
            ],
            "outputs": {
                "cp": {
                    "sensitive": false,
                    "type": "list",
                    "value": [
                        [
                            "k8-test-cp-0",
                            "k8-test-cp-1"
                        ],
                        [
                            "10.200.0.11",
                            ""
                        ]
                    ]
                },
                "etcd": {
                    "sensitive": false,
                    "type": "list",
                    "value": [
                        [
                            "k8-test-etcd-0",
                            "k8-test-etcd-1",
                            "k8-test-etcd-2"
                        ],
                        [
                            "",
                            "",
                            ""
                        ]
                    ]
                },
                "worker": {
                    "sensitive": false,
                    "type": "list",
                    "value": [
                        [
                            "k8-test-work-0",
                            "k8-test-work-1",
                            "k8-test-work-2"
                        ],
                        [
                            "",
                            "",
                            ""
                        ]
                    ]
                }
            },
            "resources": {
                "vcd_network_routed.cp-network": {
                    "type": "vcd_network_routed",
                    "depends_on": [],
                    "primary": {
                        "id": "R1_k8_cp",
                        "attributes": {
                            "dhcp_pool.#": "1",
                            "dhcp_pool.3555450280.default_lease_time": "3600",
                            "dhcp_pool.3555450280.end_address": "10.200.0.100",
                            "dhcp_pool.3555450280.max_lease_time": "7200",
                            "dhcp_pool.3555450280.start_address": "10.200.0.11",
                            "dns1": "8.8.8.8",
                            "dns2": "8.8.4.4",
                            "edge_gateway": "Edge_CNT_Dev",
                            "gateway": "10.200.0.1",
                            "href": "https://vpdc.phoenixnap.com/api/network/764b6f92-c7b5-4599-8e73-141c4568be22",
                            "id": "R1_k8_cp",
                            "name": "R1_k8_cp",
                            "netmask": "255.255.255.0",
                            "shared": "false",
                            "static_ip_pool.#": "1",
                            "static_ip_pool.4038751858.end_address": "10.200.0.150",
                            "static_ip_pool.4038751858.start_address": "10.200.0.101"
                        },
                        "meta": {},
                        "tainted": false
                    },
                    "deposed": [],
                    "provider": "provider.vcd"
                },
                "vcd_network_routed.etcd-network": {
                    "type": "vcd_network_routed",
                    "depends_on": [
                        "vcd_network_routed.cp-network"
                    ],
                    "primary": {
                        "id": "R2_k8_etcd",
                        "attributes": {
                            "dhcp_pool.#": "1",
                            "dhcp_pool.2049369712.default_lease_time": "3600",
                            "dhcp_pool.2049369712.end_address": "10.201.0.100",
                            "dhcp_pool.2049369712.max_lease_time": "7200",
                            "dhcp_pool.2049369712.start_address": "10.201.0.11",
                            "dns1": "8.8.8.8",
                            "dns2": "8.8.4.4",
                            "edge_gateway": "Edge_CNT_Dev",
                            "gateway": "10.201.0.1",
                            "href": "https://vpdc.phoenixnap.com/api/network/24ab409f-bfa9-4568-852e-39ba660d1b91",
                            "id": "R2_k8_etcd",
                            "name": "R2_k8_etcd",
                            "netmask": "255.255.255.0",
                            "shared": "false",
                            "static_ip_pool.#": "1",
                            "static_ip_pool.2747987314.end_address": "10.201.0.150",
                            "static_ip_pool.2747987314.start_address": "10.201.0.101"
                        },
                        "meta": {},
                        "tainted": false
                    },
                    "deposed": [],
                    "provider": "provider.vcd"
                },
                "vcd_network_routed.work-network": {
                    "type": "vcd_network_routed",
                    "depends_on": [
                        "vcd_network_routed.etcd-network"
                    ],
                    "primary": {
                        "id": "R3_k8_work",
                        "attributes": {
                            "dhcp_pool.#": "1",
                            "dhcp_pool.1526770777.default_lease_time": "3600",
                            "dhcp_pool.1526770777.end_address": "10.202.0.100",
                            "dhcp_pool.1526770777.max_lease_time": "7200",
                            "dhcp_pool.1526770777.start_address": "10.202.0.11",
                            "dns1": "8.8.8.8",
                            "dns2": "8.8.4.4",
                            "edge_gateway": "Edge_CNT_Dev",
                            "gateway": "10.202.0.1",
                            "href": "https://vpdc.phoenixnap.com/api/network/ee154fa8-185b-42a8-966b-05970a5692ea",
                            "id": "R3_k8_work",
                            "name": "R3_k8_work",
                            "netmask": "255.255.255.0",
                            "shared": "false",
                            "static_ip_pool.#": "1",
                            "static_ip_pool.1448833138.end_address": "10.202.0.150",
                            "static_ip_pool.1448833138.start_address": "10.202.0.101"
                        },
                        "meta": {},
                        "tainted": false
                    },
                    "deposed": [],
                    "provider": "provider.vcd"
                },
                "vcd_vapp.clustername": {
                    "type": "vcd_vapp",
                    "depends_on": [
                        "vcd_network_routed.work-network"
                    ],
                    "primary": {
                        "id": "dev k8",
                        "attributes": {
                            "accept_all_eulas": "true",
                            "id": "dev k8",
                            "ip": "allocated",
                            "name": "dev k8",
                            "power_on": "true"
                        },
                        "meta": {},
                        "tainted": false
                    },
                    "deposed": [],
                    "provider": "provider.vcd"
                },
                "vcd_vapp_vm.cp.0": {
                    "type": "vcd_vapp_vm",
                    "depends_on": [
                        "vcd_network_routed.cp-network",
                        "vcd_vapp.clustername"
                    ],
                    "primary": {
                        "id": "k8-test-cp-0",
                        "attributes": {
                            "accept_all_eulas": "true",
                            "catalog_name": "JB-Catalog",
                            "cpu_cores": "1",
                            "cpus": "1",
                            "disk.#": "0",
                            "href": "https://vpdc.phoenixnap.com/api/vApp/vm-a29073a8-c0ea-4d8f-9d21-25b5318d0b9b",
                            "id": "k8-test-cp-0",
                            "ip": "10.200.0.11",
                            "memory": "4096",
                            "name": "k8-test-cp-0",
                            "network_name": "R1_k8_cp",
                            "power_on": "true",
                            "template_name": "k8-ros-temp",
                            "vapp_name": "dev k8"
                        },
                        "meta": {},
                        "tainted": false
                    },
                    "deposed": [],
                    "provider": "provider.vcd"
                },
                "vcd_vapp_vm.cp.1": {
                    "type": "vcd_vapp_vm",
                    "depends_on": [
                        "vcd_network_routed.cp-network",
                        "vcd_vapp.clustername"
                    ],
                    "primary": {
                        "id": "k8-test-cp-1",
                        "attributes": {
                            "accept_all_eulas": "true",
                            "catalog_name": "JB-Catalog",
                            "cpu_cores": "1",
                            "cpus": "1",
                            "disk.#": "0",
                            "href": "https://vpdc.phoenixnap.com/api/vApp/vm-fa1b0c3e-d562-434b-82c0-7926b0d3f2f5",
                            "id": "k8-test-cp-1",
                            "ip": "",
                            "memory": "4096",
                            "name": "k8-test-cp-1",
                            "network_name": "R1_k8_cp",
                            "power_on": "true",
                            "template_name": "k8-ros-temp",
                            "vapp_name": "dev k8"
                        },
                        "meta": {},
                        "tainted": false
                    },
                    "deposed": [],
                    "provider": "provider.vcd"
                },
                "vcd_vapp_vm.etcd.0": {
                    "type": "vcd_vapp_vm",
                    "depends_on": [
                        "vcd_network_routed.etcd-network",
                        "vcd_vapp.clustername",
                        "vcd_vapp_vm.cp"
                    ],
                    "primary": {
                        "id": "k8-test-etcd-0",
                        "attributes": {
                            "accept_all_eulas": "true",
                            "catalog_name": "JB-Catalog",
                            "cpu_cores": "1",
                            "cpus": "1",
                            "disk.#": "0",
                            "href": "https://vpdc.phoenixnap.com/api/vApp/vm-11b66f8b-b423-4b2a-8e43-b93afa78f3dd",
                            "id": "k8-test-etcd-0",
                            "ip": "",
                            "memory": "4096",
                            "name": "k8-test-etcd-0",
                            "network_name": "R2_k8_etcd",
                            "power_on": "true",
                            "template_name": "k8-ros-temp",
                            "vapp_name": "dev k8"
                        },
                        "meta": {},
                        "tainted": false
                    },
                    "deposed": [],
                    "provider": "provider.vcd"
                },
                "vcd_vapp_vm.etcd.1": {
                    "type": "vcd_vapp_vm",
                    "depends_on": [
                        "vcd_network_routed.etcd-network",
                        "vcd_vapp.clustername",
                        "vcd_vapp_vm.cp"
                    ],
                    "primary": {
                        "id": "k8-test-etcd-1",
                        "attributes": {
                            "accept_all_eulas": "true",
                            "catalog_name": "JB-Catalog",
                            "cpu_cores": "1",
                            "cpus": "1",
                            "disk.#": "0",
                            "href": "https://vpdc.phoenixnap.com/api/vApp/vm-c07aa24a-40a8-4e6d-84c6-8649e2833833",
                            "id": "k8-test-etcd-1",
                            "ip": "",
                            "memory": "4096",
                            "name": "k8-test-etcd-1",
                            "network_name": "R2_k8_etcd",
                            "power_on": "true",
                            "template_name": "k8-ros-temp",
                            "vapp_name": "dev k8"
                        },
                        "meta": {},
                        "tainted": false
                    },
                    "deposed": [],
                    "provider": "provider.vcd"
                },
                "vcd_vapp_vm.etcd.2": {
                    "type": "vcd_vapp_vm",
                    "depends_on": [
                        "vcd_network_routed.etcd-network",
                        "vcd_vapp.clustername",
                        "vcd_vapp_vm.cp"
                    ],
                    "primary": {
                        "id": "k8-test-etcd-2",
                        "attributes": {
                            "accept_all_eulas": "true",
                            "catalog_name": "JB-Catalog",
                            "cpu_cores": "1",
                            "cpus": "1",
                            "disk.#": "0",
                            "href": "https://vpdc.phoenixnap.com/api/vApp/vm-ce038ebb-b83f-41a7-9280-adb28f3f2069",
                            "id": "k8-test-etcd-2",
                            "ip": "",
                            "memory": "4096",
                            "name": "k8-test-etcd-2",
                            "network_name": "R2_k8_etcd",
                            "power_on": "true",
                            "template_name": "k8-ros-temp",
                            "vapp_name": "dev k8"
                        },
                        "meta": {},
                        "tainted": false
                    },
                    "deposed": [],
                    "provider": "provider.vcd"
                },
                "vcd_vapp_vm.work.0": {
                    "type": "vcd_vapp_vm",
                    "depends_on": [
                        "vcd_network_routed.work-network",
                        "vcd_vapp.clustername",
                        "vcd_vapp_vm.etcd"
                    ],
                    "primary": {
                        "id": "k8-test-work-0",
                        "attributes": {
                            "accept_all_eulas": "true",
                            "catalog_name": "JB-Catalog",
                            "cpu_cores": "1",
                            "cpus": "2",
                            "disk.#": "0",
                            "href": "https://vpdc.phoenixnap.com/api/vApp/vm-1acda20e-629c-4482-a56c-eb447140a677",
                            "id": "k8-test-work-0",
                            "ip": "",
                            "memory": "8192",
                            "name": "k8-test-work-0",
                            "network_name": "R3_k8_work",
                            "power_on": "true",
                            "template_name": "k8-ros-temp",
                            "vapp_name": "dev k8"
                        },
                        "meta": {},
                        "tainted": false
                    },
                    "deposed": [],
                    "provider": "provider.vcd"
                },
                "vcd_vapp_vm.work.1": {
                    "type": "vcd_vapp_vm",
                    "depends_on": [
                        "vcd_network_routed.work-network",
                        "vcd_vapp.clustername",
                        "vcd_vapp_vm.etcd"
                    ],
                    "primary": {
                        "id": "k8-test-work-1",
                        "attributes": {
                            "accept_all_eulas": "true",
                            "catalog_name": "JB-Catalog",
                            "cpu_cores": "1",
                            "cpus": "2",
                            "disk.#": "0",
                            "href": "https://vpdc.phoenixnap.com/api/vApp/vm-31abc991-bd22-48d7-ac82-feee1ebd309e",
                            "id": "k8-test-work-1",
                            "ip": "",
                            "memory": "8192",
                            "name": "k8-test-work-1",
                            "network_name": "R3_k8_work",
                            "power_on": "true",
                            "template_name": "k8-ros-temp",
                            "vapp_name": "dev k8"
                        },
                        "meta": {},
                        "tainted": false
                    },
                    "deposed": [],
                    "provider": "provider.vcd"
                },
                "vcd_vapp_vm.work.2": {
                    "type": "vcd_vapp_vm",
                    "depends_on": [
                        "vcd_network_routed.work-network",
                        "vcd_vapp.clustername",
                        "vcd_vapp_vm.etcd"
                    ],
                    "primary": {
                        "id": "k8-test-work-2",
                        "attributes": {
                            "accept_all_eulas": "true",
                            "catalog_name": "JB-Catalog",
                            "cpu_cores": "1",
                            "cpus": "2",
                            "disk.#": "0",
                            "href": "https://vpdc.phoenixnap.com/api/vApp/vm-5f034fdc-4ca9-4327-bf9e-8f0d69e0d7cf",
                            "id": "k8-test-work-2",
                            "ip": "",
                            "memory": "8192",
                            "name": "k8-test-work-2",
                            "network_name": "R3_k8_work",
                            "power_on": "true",
                            "template_name": "k8-ros-temp",
                            "vapp_name": "dev k8"
                        },
                        "meta": {},
                        "tainted": false
                    },
                    "deposed": [],
                    "provider": "provider.vcd"
                }
            },
            "depends_on": []
        }
    ]
}
